github.com/fatih/color v1.13.0 h1:8LOYc1KYPPmyKMuN8QV2DNRWNbLo6LZ0iLs8+mlH53w=
github.com/fatih/color v1.13.0/go.mod h1:kLAiJbzzSOZDVNGyDpeOxJ47H46qBXwg5ILebYFFOfk=
github.com/google/uuid v1.3.0 h1:t6JiXgmwXMjEs8VusXIJk2BXHsn+wx8BZdTaoZ5fu7I=
github.com/google/uuid v1.3.0/go.mod h1:TIyPZe4MgqvfeYDBFedMoGGpEw/LqOeaOT+nhxU+yHo=
github.com/littletrainee/ClearConsole v0.1.0 h1:Fvr9+/jF2VPoyE0+ySzyOj6dzfVtIW96Kyf/P+x1EBw=
github.com/littletrainee/ClearConsole v0.1.0/go.mod h1:TXmEb0zxZcY8cbQwDvWPAV9uu+JB1/2Lol8N/wm0g9o=
github.com/littletrainee/GetSet v0.1.0 h1:dJ+/KTs9VxWZKuWMxvJFwgnRV0VRpSWdFwi3PRomp7A=
github.com/littletrainee/GetSet v0.1.0/go.mod h1:6EvB6pXxLd758iQTCuhttUvqxuQ7J9MkDdXTsa+qFSs=
github.com/littletrainee/MahJong v0.0.0-20221114090754-d73c4101dd30 h1:4YYuHM/kE78pLdHSza5m0AVh+id9ApRwZgRSSUx0X2Y=
github.com/littletrainee/MahJong v0.0.0-20221114090754-d73c4101dd30/go.mod h1:G+Iv+A6GwMa+Goedj4tVdO2iLCM5WRAoOURRYtmsFak=
github.com/littletrainee/slices v0.1.7 h1:Q6gLe3mLoM88ivGAgbgNYoPml4AlULzW+HhVSAIZYDw=
github.com/littletrainee/slices v0.1.7/go.mod h1:5ls3BFiKNZ9yRtlP1MnNag7aBiWc9wacUozCfIhVByw=
github.com/mattn/go-colorable v0.1.9/go.mod h1:u6P/XSegPjTcexA+o6vUJrdnUu04hMope9wVRipJSqc=
github.com/mattn/go-colorable v0.1.13 h1:fFA4WZxdEF4tXPZVKMLwD8oUnCTTo08duU7wxecdEvA=
github.com/mattn/go-colorable v0.1.13/go.mod h1:7S9/ev0klgBDR4GtXTXX8a3vIGJpMovkB8vQcUbaXHg=
github.com/mattn/go-isatty v0.0.12/go.mod h1:cbi8OIDigv2wuxKPP5vlRcQ1OAZbq2CE4Kysco4FUpU=
github.com/mattn/go-isatty v0.0.14/go.mod h1:7GGIvUiUoEMVVmxf/4nioHXj79iQHKdU27kJ6hsGG94=
github.com/mattn/go-isatty v0.0.16 h1:bq3VjFmv/sOjHtdEhmkEV4x1AJtvUvOJ2PFAZ5+peKQ=
github.com/mattn/go-isatty v0.0.16/go.mod h1:kYGgaQfpe5nmfYZH+SKPsOc2e4SrIfOl2e/yFXSvRLM=
golang.org/x/sys v0.0.0-20200116001909-b77594299b42/go.mod h1:h1NjWce9XRLGQEsW7wpKNCjG9DtNlClVuFLEZdDNbEs=
golang.org/x/sys v0.0.0-20200223170610-d5e6a3e2c0ae/go.mod h1:h1NjWce9XRLGQEsW7wpKNCjG9DtNlClVuFLEZdDNbEs=
golang.org/x/sys v0.0.0-20210630005230-0f9fa26af87c/go.mod h1:oPkhp1MJrh7nUepCBck5+mAzfO9JrbApNNgaTdGDITg=
golang.org/x/sys v0.0.0-20220811171246-fbc7d0a398ab/go.mod h1:oPkhp1MJrh7nUepCBck5+mAzfO9JrbApNNgaTdGDITg=
golang.org/x/sys v0.2.0 h1:ljd4t30dBnAvMZaQCevtY0xLLD0A+bRZXbgLMLU1F/A=
golang.org/x/sys v0.2.0/go.mod h1:oPkhp1MJrh7nUepCBck5+mAzfO9JrbApNNgaTdGDITg=
